// !$*UTF8*$!
{
	archiveVersion = 1;
	classes = {
	};
	objectVersion = 46;
	objects = {

		8091E66BA6D7E6472FA6EF40 = {isa = PBXBuildFile; fileRef = EBA9525290363F6735898D23; };
		2E0F25E27A1BAAAE7BBD5417 = {isa = PBXBuildFile; fileRef = 2B154CEAC238AA7A99A241FA; };
		D18BC252EC347D87900E52CC = {isa = PBXBuildFile; fileRef = 119A58B1E157217768B4DFD3; };
		B0380D65D404C90EA0DDE05C = {isa = PBXBuildFile; fileRef = DDB16A404521AD5BEEDEF955; };
		39067675F44FF30EAC8F9E06 = {isa = PBXBuildFile; fileRef = 5491ABB0B222E10C5C3BE6FC; };
		2F829F6DA9D58BB562EC94A7 = {isa = PBXBuildFile; fileRef = 9ACED3349FFAA6A311391A2E; };
		9C0CB1601E8AC1B0D58DD8BE = {isa = PBXBuildFile; fileRef = F55DE88784A711F7A2CA3C24; };
		63665FFBE67057600CC35CA2 = {isa = PBXBuildFile; fileRef = FE878D44B0AAEF0BD52A184B; };
		EB2FC4D636DA9503C8394A9C = {isa = PBXBuildFile; fileRef = 17CDAD157F9CDF5359E0C38B; };
		B3B4E58533F906E0CBBC0C90 = {isa = PBXBuildFile; fileRef = 2AE0DCCC589444687B053CA1; };
		68551D577FF9D865FD0258C9 = {isa = PBXBuildFile; fileRef = 980625D5A0558A845F6BE39B; };
		7E25778EF63F88C7D517A2A0 = {isa = PBXBuildFile; fileRef = 92830E25298643C162DDE185; };
		23285BD0AAE586E1C7B905A5 = {isa = PBXBuildFile; fileRef = DD5EFEEDB5D05E31326F9655; };
		7C3DE9890989C082C164D37E = {isa = PBXBuildFile; fileRef = FE49E5432D5509D0F72D76AA; };
		5A0146F230E7A2B03EFF5789 = {isa = PBXBuildFile; fileRef = AC8030FCB8017C44CA6B5099; };
		287AC04092AD8568FABD3380 = {isa = PBXBuildFile; fileRef = 71F0224B5FD699397126BFC1; };
		6F79EB9536F399938B615B27 = {isa = PBXBuildFile; fileRef = 05E9167521A4D9EC00CD320E; };
		46884188EA1809A5B319E3D7 = {isa = PBXBuildFile; fileRef = 1DE2D2536E5318238D799069; };
		E5EBE8C85773E0FEFF040FBE = {isa = PBXBuildFile; fileRef = D171CBD37C02CE7D2A909935; };
		B0F6EEB85EE5599BECE19A52 = {isa = PBXBuildFile; fileRef = 4D564E65AA94A151732B3CD1; };
		82D254F9E45A105AFD24A65F = {isa = PBXBuildFile; fileRef = C14A710F73C3EA57049AA394; };
		63A7A49E59A2AE35863A9032 = {isa = PBXBuildFile; fileRef = 05ADAF37091CE561934152DF; };
		0E8770706699D1C116BCAD13 = {isa = PBXBuildFile; fileRef = 638A397944543CB04E45FDD2; };
		393B8A29CF08C731A149F9B2 = {isa = PBXBuildFile; fileRef = 98908CDB6C0984927949EE0F; };
		2A390417FB5AE1D3EE6650CD = {isa = PBXBuildFile; fileRef = B8515C81901C93F3E8AAEFCF; };
		C14E1E413EE3948A022D0840 = {isa = PBXBuildFile; fileRef = 8F1B8F9CA87983C97FD9F394; };
		718CF2F894D4CDF845E0210C = {isa = PBXBuildFile; fileRef = AA7CFBE110800653E5CC034A; };
		B92F42516A19BD491B129369 = {isa = PBXBuildFile; fileRef = 7F00B051CEBDC3B0A723682B; };
		E0BD8F6A386A4D5C82812AB7 = {isa = PBXBuildFile; fileRef = 25DEC0FB31C7B75270D7B00F; };
		4CF9B936744C873410766632 = {isa = PBXBuildFile; fileRef = B8AF08027F93B6BA743C4AA3; };
		739F96609A3845E6614C191E = {isa = PBXBuildFile; fileRef = C09255BC496B7E1C834C6463; };
		7BEDBFCCE715A603F1108366 = {isa = PBXBuildFile; fileRef = A46A2B04D7F8808F17D1F850; };
		FA20375CB0ED4D7F000CF3B1 = {isa = PBXBuildFile; fileRef = 6F94BCD297C7E65C369BC57E; };
		848079FAFF7FCDB4F804C4F0 = {isa = PBXBuildFile; fileRef = 8CA148FE2FF8DCBDD75EC01C; };
		690F705B0C40907935FEDD0D = {isa = PBXBuildFile; fileRef = E4A654A4E92C27A9D245B7C0; };
		4FF6220495EB5BC2F96C13E6 = {isa = PBXBuildFile; fileRef = 98C2436C1E89D96890CF428E; };
		134EFDB301CD08F7CEF81817 = {isa = PBXBuildFile; fileRef = FC26AB64B748A63330668B98; };
		9D2554988EAA5B2CD168F95F = {isa = PBXBuildFile; fileRef = 880204829C142674E6AED4E8; };
		04DFDA1D4B42F3A38A906E03 = {isa = PBXBuildFile; fileRef = F4A6324B581152489835059C; };
		EB9520541C2571785C7AD303 = {isa = PBXBuildFile; fileRef = 9C3D1F7BFF67845C5407A1FA; };
		750390E409E249F8174CC5DB = {isa = PBXBuildFile; fileRef = EC7CB2D4821D40C3004EFD93; };
		A29DB9E3D8A6B21DA5016099 = {isa = PBXBuildFile; fileRef = 15E6CA48D928244C402959DC; };
		C0B02269F5BB11B233B33733 = {isa = PBXBuildFile; fileRef = 1545328237659A2490CD315A; };
		6D76F9CD869D763A6A7DC0B3 = {isa = PBXBuildFile; fileRef = 16B38688C47FED4B66BE649C; };
		E82E005437DFC4F23E506874 = {isa = PBXBuildFile; fileRef = 4AEE689AB9F94254DE20CA3E; };
		6A1CDDBDC75B0640DBE74FBA = {isa = PBXBuildFile; fileRef = 30F11468952F8FC2417E0C96; };
		5B831BAD4289D3888B246B24 = {isa = PBXBuildFile; fileRef = A287E3B87EB0413A3F7D84FA; };
		AE18D05EB18ABBF581267953 = {isa = PBXBuildFile; fileRef = 48AAEA7F5684AF2097413907; };
		E91797733892ABF66B2A2EFC = {isa = PBXBuildFile; fileRef = 98DA1C3FA667E33D7AC7835D; };
		632DC73B8ECC393DD0D94B3B = {isa = PBXBuildFile; fileRef = 08FCE654A65D341CF8AE2480; };
		A7392551A9BA1FCE04FFFED2 = {isa = PBXBuildFile; fileRef = 7194E43B295A4AA535DB2AB4; };
		C21684B0E5A1646440CA6070 = {isa = PBXBuildFile; fileRef = 25C4C3CCE86AE5D31AD5E286; };
		CBD895495CF1452CF0D63D32 = {isa = PBXBuildFile; fileRef = 8BC88E58D2A20437A61442C9; };
		017F051AA4A3E5CB52463BB7 = {isa = PBXBuildFile; fileRef = F48B06E5F6CD14F51E3D32A1; };
		C9C6B57C70E352D325E1AB9F = {isa = PBXBuildFile; fileRef = F8A87BA9D6EDFEA00907E1EE; };
		C969AAA4391075F7D7D5AEF3 = {isa = PBXBuildFile; fileRef = 9EA88D2B60E9A29A5E550E02; };
		007C84B79FB8A5FB22D72A99 = {isa = PBXFileReference; lastKnownFileType = sourcecode.c.h; name = JuceHeader.h; path = ../../JuceLibraryCode/JuceHeader.h; sourceTree = "SOURCE_ROOT"; };
		00FA3B65CC02396EF8129689 = {isa = PBXFileReference; lastKnownFileType = file; name = "juce_video"; path = "../../../../JUCE5-2/JUCE/modules/juce_video"; sourceTree = "SOURCE_ROOT"; };
		05ADAF37091CE561934152DF = {isa = PBXFileReference; lastKnownFileType = wrapper.framework; name = WebKit.framework; path = System/Library/Frameworks/WebKit.framework; sourceTree = SDKROOT; };
		05E9167521A4D9EC00CD320E = {isa = PBXFileReference; lastKnownFileType = wrapper.framework; name = CoreMIDI.framework; path = System/Library/Frameworks/CoreMIDI.framework; sourceTree = SDKROOT; };
		065D561C5F6E9FD3A5658B99 = {isa = PBXFileReference; lastKnownFileType = file.svg; name = "rslider_background.svg"; path = "../../Resources/SVGs/rslider_background.svg"; sourceTree = "SOURCE_ROOT"; };
		08FCE654A65D341CF8AE2480 = {isa = PBXFileReference; lastKnownFileType = sourcecode.cpp.objcpp; name = "include_juce_data_structures.mm"; path = "../../JuceLibraryCode/include_juce_data_structures.mm"; sourceTree = "SOURCE_ROOT"; };
		12A2065A537B13EB0208C05C = {isa = PBXFileReference; lastKnownFileType = text.plist.xml; name = "Info-Standalone_Plugin.plist"; path = "Info-Standalone_Plugin.plist"; sourceTree = "SOURCE_ROOT"; };
		1545328237659A2490CD315A = {isa = PBXFileReference; lastKnownFileType = sourcecode.cpp.objcpp; name = "include_juce_audio_plugin_client_VST_utils.mm"; path = "../../JuceLibraryCode/include_juce_audio_plugin_client_VST_utils.mm"; sourceTree = "SOURCE_ROOT"; };
		15469989A74D01B69B3C5AB6 = {isa = PBXFileReference; lastKnownFileType = image.png; name = HostButton.png; path = ../../Resources/Assets/HostButton.png; sourceTree = "SOURCE_ROOT"; };
		15E6CA48D928244C402959DC = {isa = PBXFileReference; lastKnownFileType = sourcecode.cpp.cpp; name = "include_juce_audio_plugin_client_utils.cpp"; path = "../../JuceLibraryCode/include_juce_audio_plugin_client_utils.cpp"; sourceTree = "SOURCE_ROOT"; };
		16B38688C47FED4B66BE649C = {isa = PBXFileReference; lastKnownFileType = sourcecode.cpp.cpp; name = "include_juce_audio_plugin_client_VST2.cpp"; path = "../../JuceLibraryCode/include_juce_audio_plugin_client_VST2.cpp"; sourceTree = "SOURCE_ROOT"; };
		1DBFF4D9BF94EFABFCCED72A = {isa = PBXFileReference; lastKnownFileType = file; name = "juce_audio_processors"; path = "../../../../JUCE5-2/JUCE/modules/juce_audio_processors"; sourceTree = "SOURCE_ROOT"; };
		25C4C3CCE86AE5D31AD5E286 = {isa = PBXFileReference; lastKnownFileType = sourcecode.cpp.objcpp; name = "include_juce_graphics.mm"; path = "../../JuceLibraryCode/include_juce_graphics.mm"; sourceTree = "SOURCE_ROOT"; };
		25DEC0FB31C7B75270D7B00F = {isa = PBXFileReference; lastKnownFileType = sourcecode.cpp.cpp; name = TempoController.cpp; path = ../../Source/TempoController.cpp; sourceTree = "SOURCE_ROOT"; };
		282F66C2E5008FEBF8C47DD1 = {isa = PBXFileReference; lastKnownFileType = file.svg; name = rslider.svg; path = ../../Resources/SVGs/rslider.svg; sourceTree = "SOURCE_ROOT"; };
		2E6779B1645C05AA71805921 = {isa = PBXFileReference; lastKnownFileType = sourcecode.c.h; name = TempoController.h; path = ../../Source/TempoController.h; sourceTree = "SOURCE_ROOT"; };
		4953B24F498B045FACA0ADEF = {isa = PBXFileReference; lastKnownFileType = file; name = "juce_gui_basics"; path = "../../../../JUCE5-2/JUCE/modules/juce_gui_basics"; sourceTree = "SOURCE_ROOT"; };
		EBA9525290363F6735898D23 = {isa = PBXFileReference; explicitFileType = wrapper.cfbundle; includeInIndex = 0; path = MonoDelay.vst; sourceTree = "BUILT_PRODUCTS_DIR"; };
		2B154CEAC238AA7A99A241FA = {isa = PBXFileReference; explicitFileType = wrapper.cfbundle; includeInIndex = 0; path = MonoDelay.vst3; sourceTree = "BUILT_PRODUCTS_DIR"; };
		119A58B1E157217768B4DFD3 = {isa = PBXFileReference; explicitFileType = wrapper.cfbundle; includeInIndex = 0; path = MonoDelay.component; sourceTree = "BUILT_PRODUCTS_DIR"; };
		17CDAD157F9CDF5359E0C38B = {isa = PBXFileReference; lastKnownFileType = wrapper.framework; name = AudioUnit.framework; path = System/Library/Frameworks/AudioUnit.framework; sourceTree = SDKROOT; };
		1DE2D2536E5318238D799069 = {isa = PBXFileReference; lastKnownFileType = wrapper.framework; name = DiscRecording.framework; path = System/Library/Frameworks/DiscRecording.framework; sourceTree = SDKROOT; };
		2AE0DCCC589444687B053CA1 = {isa = PBXFileReference; lastKnownFileType = wrapper.framework; name = AVFoundation.framework; path = System/Library/Frameworks/AVFoundation.framework; sourceTree = SDKROOT; };
		30F11468952F8FC2417E0C96 = {isa = PBXFileReference; lastKnownFileType = sourcecode.cpp.objcpp; name = "include_juce_audio_processors.mm"; path = "../../JuceLibraryCode/include_juce_audio_processors.mm"; sourceTree = "SOURCE_ROOT"; };
		33BB165AD3D217E4F94499CA = {isa = PBXFileReference; lastKnownFileType = file; name = "juce_audio_devices"; path = "../../../../JUCE5-2/JUCE/modules/juce_audio_devices"; sourceTree = "SOURCE_ROOT"; };
		364300606B53B7D758B84D0B = {isa = PBXFileReference; lastKnownFileType = text.plist.xml; name = "Info-AU.plist"; path = "Info-AU.plist"; sourceTree = "SOURCE_ROOT"; };
		3B4FA07E75B4DCB2C2D9C892 = {isa = PBXFileReference; lastKnownFileType = sourcecode.c.h; name = CustomLookAndFeel.h; path = ../../Source/CustomLookAndFeel.h; sourceTree = "SOURCE_ROOT"; };
		48AAEA7F5684AF2097413907 = {isa = PBXFileReference; lastKnownFileType = sourcecode.cpp.objcpp; name = "include_juce_core.mm"; path = "../../JuceLibraryCode/include_juce_core.mm"; sourceTree = "SOURCE_ROOT"; };
		49B36D806B8AAFD3477E4885 = {isa = PBXFileReference; lastKnownFileType = sourcecode.c.h; name = PluginEditor.h; path = ../../Source/PluginEditor.h; sourceTree = "SOURCE_ROOT"; };
		4AA13BDE6A0FC6464E3AFD73 = {isa = PBXFileReference; lastKnownFileType = file; name = "juce_audio_basics"; path = "../../../../JUCE5-2/JUCE/modules/juce_audio_basics"; sourceTree = "SOURCE_ROOT"; };
		4AEE689AB9F94254DE20CA3E = {isa = PBXFileReference; lastKnownFileType = sourcecode.cpp.cpp; name = "include_juce_audio_plugin_client_VST3.cpp"; path = "../../JuceLibraryCode/include_juce_audio_plugin_client_VST3.cpp"; sourceTree = "SOURCE_ROOT"; };
		4B210E708638F88111EC9998 = {isa = PBXFileReference; lastKnownFileType = text.plist.xml; name = "Info-AUv3_AppExtension.plist"; path = "Info-AUv3_AppExtension.plist"; sourceTree = "SOURCE_ROOT"; };
		4D564E65AA94A151732B3CD1 = {isa = PBXFileReference; lastKnownFileType = wrapper.framework; name = OpenGL.framework; path = System/Library/Frameworks/OpenGL.framework; sourceTree = SDKROOT; };
		4E30446A1BC9C74DDDCFF78B = {isa = PBXFileReference; lastKnownFileType = image.png; name = MeterGrill.png; path = ../../Resources/Assets/MeterGrill.png; sourceTree = "SOURCE_ROOT"; };
		4E662C76668380989A8BCB3F = {isa = PBXFileReference; lastKnownFileType = sourcecode.c.h; name = MeterComponent.h; path = ../../Source/MeterComponent.h; sourceTree = "SOURCE_ROOT"; };
		569439B6E12B955D769727E8 = {isa = PBXFileReference; lastKnownFileType = file; name = "juce_data_structures"; path = "../../../../JUCE5-2/JUCE/modules/juce_data_structures"; sourceTree = "SOURCE_ROOT"; };
		56C6D6A795E11F929FB1DEAB = {isa = PBXFileReference; lastKnownFileType = image.png; name = HostButtonPressed.png; path = ../../Resources/Assets/HostButtonPressed.png; sourceTree = "SOURCE_ROOT"; };
		5C994F72D40254028FA64E7F = {isa = PBXFileReference; lastKnownFileType = image.png; name = "Switch_side_2.png"; path = "../../Resources/Assets/Switch_side_2.png"; sourceTree = "SOURCE_ROOT"; };
		638A397944543CB04E45FDD2 = {isa = PBXFileReference; lastKnownFileType = file.nib; name = RecentFilesMenuTemplate.nib; path = RecentFilesMenuTemplate.nib; sourceTree = "SOURCE_ROOT"; };
		6793D6C463FC4E4F75DD14A8 = {isa = PBXFileReference; lastKnownFileType = text.plist.xml; name = MonoDelay.entitlements; path = MonoDelay.entitlements; sourceTree = "SOURCE_ROOT"; };
		6F94BCD297C7E65C369BC57E = {isa = PBXFileReference; lastKnownFileType = sourcecode.cpp.objcpp; name = "include_juce_audio_basics.mm"; path = "../../JuceLibraryCode/include_juce_audio_basics.mm"; sourceTree = "SOURCE_ROOT"; };
		6FA8276BDF567C79B57FDC75 = {isa = PBXFileReference; lastKnownFileType = file; name = "juce_audio_formats"; path = "../../../../JUCE5-2/JUCE/modules/juce_audio_formats"; sourceTree = "SOURCE_ROOT"; };
		7194E43B295A4AA535DB2AB4 = {isa = PBXFileReference; lastKnownFileType = sourcecode.cpp.objcpp; name = "include_juce_events.mm"; path = "../../JuceLibraryCode/include_juce_events.mm"; sourceTree = "SOURCE_ROOT"; };
		71F0224B5FD699397126BFC1 = {isa = PBXFileReference; lastKnownFileType = wrapper.framework; name = CoreMedia.framework; path = System/Library/Frameworks/CoreMedia.framework; sourceTree = SDKROOT; };
		7AB836D1247A90E001CC3A1C = {isa = PBXFileReference; lastKnownFileType = image.png; name = "Switch_position_2.png"; path = "../../Resources/Assets/Switch_position_2.png"; sourceTree = "SOURCE_ROOT"; };
		7DF12F7EE76E445EC0E64A2F = {isa = PBXFileReference; lastKnownFileType = image.png; name = "Switch_position_1.png"; path = "../../Resources/Assets/Switch_position_1.png"; sourceTree = "SOURCE_ROOT"; };
		7F00B051CEBDC3B0A723682B = {isa = PBXFileReference; lastKnownFileType = sourcecode.cpp.cpp; name = MeterComponent.cpp; path = ../../Source/MeterComponent.cpp; sourceTree = "SOURCE_ROOT"; };
		81BFBDADC0345F7433054BC1 = {isa = PBXFileReference; lastKnownFileType = sourcecode.c.h; name = BinaryData.h; path = ../../JuceLibraryCode/BinaryData.h; sourceTree = "SOURCE_ROOT"; };
		880204829C142674E6AED4E8 = {isa = PBXFileReference; lastKnownFileType = sourcecode.cpp.objcpp; name = "include_juce_audio_plugin_client_AU_2.mm"; path = "../../JuceLibraryCode/include_juce_audio_plugin_client_AU_2.mm"; sourceTree = "SOURCE_ROOT"; };
		8AB56D93040A1A5F2FE848DC = {isa = PBXFileReference; lastKnownFileType = file; name = "juce_opengl"; path = "../../../../JUCE5-2/JUCE/modules/juce_opengl"; sourceTree = "SOURCE_ROOT"; };
		8AB96CA44D1CE8F6C3FC945F = {isa = PBXFileReference; lastKnownFileType = sourcecode.c.h; name = AppConfig.h; path = ../../JuceLibraryCode/AppConfig.h; sourceTree = "SOURCE_ROOT"; };
		8BC88E58D2A20437A61442C9 = {isa = PBXFileReference; lastKnownFileType = sourcecode.cpp.objcpp; name = "include_juce_gui_basics.mm"; path = "../../JuceLibraryCode/include_juce_gui_basics.mm"; sourceTree = "SOURCE_ROOT"; };
		8CA148FE2FF8DCBDD75EC01C = {isa = PBXFileReference; lastKnownFileType = sourcecode.cpp.objcpp; name = "include_juce_audio_devices.mm"; path = "../../JuceLibraryCode/include_juce_audio_devices.mm"; sourceTree = "SOURCE_ROOT"; };
		8CD32A1634F0AA5295B67406 = {isa = PBXFileReference; lastKnownFileType = sourcecode.c.h; name = GUI.h; path = ../../Source/GUI.h; sourceTree = "SOURCE_ROOT"; };
		8F1B8F9CA87983C97FD9F394 = {isa = PBXFileReference; lastKnownFileType = sourcecode.cpp.cpp; name = CustomLookAndFeel.cpp; path = ../../Source/CustomLookAndFeel.cpp; sourceTree = "SOURCE_ROOT"; };
		8F5FAD1DC4B1F279D3334C2B = {isa = PBXFileReference; lastKnownFileType = file; name = "juce_gui_extra"; path = "../../../../JUCE5-2/JUCE/modules/juce_gui_extra"; sourceTree = "SOURCE_ROOT"; };
		92830E25298643C162DDE185 = {isa = PBXFileReference; lastKnownFileType = wrapper.framework; name = Carbon.framework; path = System/Library/Frameworks/Carbon.framework; sourceTree = SDKROOT; };
		980625D5A0558A845F6BE39B = {isa = PBXFileReference; lastKnownFileType = wrapper.framework; name = AVKit.framework; path = System/Library/Frameworks/AVKit.framework; sourceTree = SDKROOT; };
		98908CDB6C0984927949EE0F = {isa = PBXFileReference; lastKnownFileType = sourcecode.cpp.cpp; name = DefaultParameterValues.cpp; path = ../../Source/DefaultParameterValues.cpp; sourceTree = "SOURCE_ROOT"; };
		98C2436C1E89D96890CF428E = {isa = PBXFileReference; lastKnownFileType = file.r; name = "include_juce_audio_plugin_client_AU.r"; path = "../../JuceLibraryCode/include_juce_audio_plugin_client_AU.r"; sourceTree = "SOURCE_ROOT"; };
		98DA1C3FA667E33D7AC7835D = {isa = PBXFileReference; lastKnownFileType = sourcecode.cpp.objcpp; name = "include_juce_cryptography.mm"; path = "../../JuceLibraryCode/include_juce_cryptography.mm"; sourceTree = "SOURCE_ROOT"; };
		9C3D1F7BFF67845C5407A1FA = {isa = PBXFileReference; lastKnownFileType = sourcecode.cpp.cpp; name = "include_juce_audio_plugin_client_Standalone.cpp"; path = "../../JuceLibraryCode/include_juce_audio_plugin_client_Standalone.cpp"; sourceTree = "SOURCE_ROOT"; };
		9CA957E2E43B1DD5A9279051 = {isa = PBXFileReference; lastKnownFileType = file; name = "juce_core"; path = "../../../../JUCE5-2/JUCE/modules/juce_core"; sourceTree = "SOURCE_ROOT"; };
		9EA88D2B60E9A29A5E550E02 = {isa = PBXFileReference; lastKnownFileType = sourcecode.cpp.objcpp; name = "include_juce_video.mm"; path = "../../JuceLibraryCode/include_juce_video.mm"; sourceTree = "SOURCE_ROOT"; };
		A287E3B87EB0413A3F7D84FA = {isa = PBXFileReference; lastKnownFileType = sourcecode.cpp.objcpp; name = "include_juce_audio_utils.mm"; path = "../../JuceLibraryCode/include_juce_audio_utils.mm"; sourceTree = "SOURCE_ROOT"; };
		A46A2B04D7F8808F17D1F850 = {isa = PBXFileReference; lastKnownFileType = sourcecode.cpp.cpp; name = BinaryData.cpp; path = ../../JuceLibraryCode/BinaryData.cpp; sourceTree = "SOURCE_ROOT"; };
		A74FF8BD452798547246DDCF = {isa = PBXFileReference; lastKnownFileType = sourcecode.c.h; name = Delay.h; path = ../../Source/Delay.h; sourceTree = "SOURCE_ROOT"; };
		AA7CFBE110800653E5CC034A = {isa = PBXFileReference; lastKnownFileType = sourcecode.cpp.cpp; name = GUI.cpp; path = ../../Source/GUI.cpp; sourceTree = "SOURCE_ROOT"; };
		AC8030FCB8017C44CA6B5099 = {isa = PBXFileReference; lastKnownFileType = wrapper.framework; name = CoreAudioKit.framework; path = System/Library/Frameworks/CoreAudioKit.framework; sourceTree = SDKROOT; };
		AD73966A1EA5C6A5DB851644 = {isa = PBXFileReference; lastKnownFileType = image.png; name = MonoDelay.png; path = ../../Resources/Assets/MonoDelay.png; sourceTree = "SOURCE_ROOT"; };
		B3FA01D6322D53D65473DAEB = {isa = PBXFileReference; lastKnownFileType = image.png; name = TimeSync.png; path = ../../Resources/Assets/TimeSync.png; sourceTree = "SOURCE_ROOT"; };
		C14A710F73C3EA57049AA394 = {isa = PBXFileReference; lastKnownFileType = wrapper.framework; name = QuartzCore.framework; path = System/Library/Frameworks/QuartzCore.framework; sourceTree = SDKROOT; };
		DDB16A404521AD5BEEDEF955 = {isa = PBXFileReference; explicitFileType = "wrapper.app-extension"; includeInIndex = 0; path = MonoDelay.appex; sourceTree = "BUILT_PRODUCTS_DIR"; };
		5491ABB0B222E10C5C3BE6FC = {isa = PBXFileReference; explicitFileType = wrapper.application; includeInIndex = 0; path = MonoDelay.app; sourceTree = "BUILT_PRODUCTS_DIR"; };
		9ACED3349FFAA6A311391A2E = {isa = PBXFileReference; explicitFileType = archive.ar; includeInIndex = 0; path = libMonoDelay.a; sourceTree = "BUILT_PRODUCTS_DIR"; };
		B11D80639A00E48978F94820 = {isa = PBXFileReference; lastKnownFileType = text.plist.xml; name = "Info-VST.plist"; path = "Info-VST.plist"; sourceTree = "SOURCE_ROOT"; };
		B5B42C76F927A76E79962AB2 = {isa = PBXFileReference; lastKnownFileType = file; name = "juce_audio_utils"; path = "../../../../JUCE5-2/JUCE/modules/juce_audio_utils"; sourceTree = "SOURCE_ROOT"; };
		B8515C81901C93F3E8AAEFCF = {isa = PBXFileReference; lastKnownFileType = sourcecode.cpp.cpp; name = Delay.cpp; path = ../../Source/Delay.cpp; sourceTree = "SOURCE_ROOT"; };
		B8AF08027F93B6BA743C4AA3 = {isa = PBXFileReference; lastKnownFileType = sourcecode.cpp.cpp; name = PluginProcessor.cpp; path = ../../Source/PluginProcessor.cpp; sourceTree = "SOURCE_ROOT"; };
		BBC85EBCBDCC6842844C56C7 = {isa = PBXFileReference; lastKnownFileType = file; name = "juce_audio_plugin_client"; path = "../../../../JUCE5-2/JUCE/modules/juce_audio_plugin_client"; sourceTree = "SOURCE_ROOT"; };
		C09255BC496B7E1C834C6463 = {isa = PBXFileReference; lastKnownFileType = sourcecode.cpp.cpp; name = PluginEditor.cpp; path = ../../Source/PluginEditor.cpp; sourceTree = "SOURCE_ROOT"; };
		C745BE043FA1BF5A1D210790 = {isa = PBXFileReference; lastKnownFileType = file; name = "juce_cryptography"; path = "../../../../JUCE5-2/JUCE/modules/juce_cryptography"; sourceTree = "SOURCE_ROOT"; };
		C82D2B144DA013D88E845164 = {isa = PBXFileReference; lastKnownFileType = image.png; name = "LED_on.png"; path = "../../Resources/Assets/LED_on.png"; sourceTree = "SOURCE_ROOT"; };
		D171CBD37C02CE7D2A909935 = {isa = PBXFileReference; lastKnownFileType = wrapper.framework; name = IOKit.framework; path = System/Library/Frameworks/IOKit.framework; sourceTree = SDKROOT; };
		D2383805B9DCBB8CB6CC1500 = {isa = PBXFileReference; lastKnownFileType = image.png; name = "LED_off.png"; path = "../../Resources/Assets/LED_off.png"; sourceTree = "SOURCE_ROOT"; };
		D366C9756BE3E946D35BC534 = {isa = PBXFileReference; lastKnownFileType = file; name = "juce_graphics"; path = "../../../../JUCE5-2/JUCE/modules/juce_graphics"; sourceTree = "SOURCE_ROOT"; };
		D8897B0DA95AE3FA86B47E0E = {isa = PBXFileReference; lastKnownFileType = text.plist.xml; name = "Info-VST3.plist"; path = "Info-VST3.plist"; sourceTree = "SOURCE_ROOT"; };
		DD5EFEEDB5D05E31326F9655 = {isa = PBXFileReference; lastKnownFileType = wrapper.framework; name = Cocoa.framework; path = System/Library/Frameworks/Cocoa.framework; sourceTree = SDKROOT; };
		E269C3F546419C1718C7C8A9 = {isa = PBXFileReference; lastKnownFileType = image.png; name = TimeManual.png; path = ../../Resources/Assets/TimeManual.png; sourceTree = "SOURCE_ROOT"; };
		E307EBE9D8834EE214B715B0 = {isa = PBXFileReference; lastKnownFileType = sourcecode.c.h; name = PluginProcessor.h; path = ../../Source/PluginProcessor.h; sourceTree = "SOURCE_ROOT"; };
		E4A654A4E92C27A9D245B7C0 = {isa = PBXFileReference; lastKnownFileType = sourcecode.cpp.objcpp; name = "include_juce_audio_formats.mm"; path = "../../JuceLibraryCode/include_juce_audio_formats.mm"; sourceTree = "SOURCE_ROOT"; };
		EA0F34E64C82561C0B500727 = {isa = PBXFileReference; lastKnownFileType = file.svg; name = "rslider_white.svg"; path = "../../Resources/SVGs/rslider_white.svg"; sourceTree = "SOURCE_ROOT"; };
		EBAF1A8DEEAE4AB61223549C = {isa = PBXFileReference; lastKnownFileType = file; name = "juce_events"; path = "../../../../JUCE5-2/JUCE/modules/juce_events"; sourceTree = "SOURCE_ROOT"; };
		EC7CB2D4821D40C3004EFD93 = {isa = PBXFileReference; lastKnownFileType = sourcecode.cpp.cpp; name = "include_juce_audio_plugin_client_Unity.cpp"; path = "../../JuceLibraryCode/include_juce_audio_plugin_client_Unity.cpp"; sourceTree = "SOURCE_ROOT"; };
		F0C07B6D9C59C1CA1BFDF060 = {isa = PBXFileReference; lastKnownFileType = sourcecode.c.h; name = DefaultParameterValues.h; path = ../../Source/DefaultParameterValues.h; sourceTree = "SOURCE_ROOT"; };
		F3AAAD7AC38D0078D5CA81C5 = {isa = PBXFileReference; lastKnownFileType = file.db; name = Thumbs.db; path = ../../Resources/Assets/Thumbs.db; sourceTree = "SOURCE_ROOT"; };
		F48B06E5F6CD14F51E3D32A1 = {isa = PBXFileReference; lastKnownFileType = sourcecode.cpp.objcpp; name = "include_juce_gui_extra.mm"; path = "../../JuceLibraryCode/include_juce_gui_extra.mm"; sourceTree = "SOURCE_ROOT"; };
		F4A6324B581152489835059C = {isa = PBXFileReference; lastKnownFileType = sourcecode.cpp.objcpp; name = "include_juce_audio_plugin_client_AUv3.mm"; path = "../../JuceLibraryCode/include_juce_audio_plugin_client_AUv3.mm"; sourceTree = "SOURCE_ROOT"; };
		F55DE88784A711F7A2CA3C24 = {isa = PBXFileReference; lastKnownFileType = wrapper.framework; name = Accelerate.framework; path = System/Library/Frameworks/Accelerate.framework; sourceTree = SDKROOT; };
		F5EF5E7CCC81617DEDF08CFA = {isa = PBXFileReference; lastKnownFileType = image.png; name = "Switch_side_1.png"; path = "../../Resources/Assets/Switch_side_1.png"; sourceTree = "SOURCE_ROOT"; };
		F8A87BA9D6EDFEA00907E1EE = {isa = PBXFileReference; lastKnownFileType = sourcecode.cpp.objcpp; name = "include_juce_opengl.mm"; path = "../../JuceLibraryCode/include_juce_opengl.mm"; sourceTree = "SOURCE_ROOT"; };
		FC26AB64B748A63330668B98 = {isa = PBXFileReference; lastKnownFileType = sourcecode.cpp.objcpp; name = "include_juce_audio_plugin_client_AU_1.mm"; path = "../../JuceLibraryCode/include_juce_audio_plugin_client_AU_1.mm"; sourceTree = "SOURCE_ROOT"; };
		FE49E5432D5509D0F72D76AA = {isa = PBXFileReference; lastKnownFileType = wrapper.framework; name = CoreAudio.framework; path = System/Library/Frameworks/CoreAudio.framework; sourceTree = SDKROOT; };
		FE878D44B0AAEF0BD52A184B = {isa = PBXFileReference; lastKnownFileType = wrapper.framework; name = AudioToolbox.framework; path = System/Library/Frameworks/AudioToolbox.framework; sourceTree = SDKROOT; };
		526EBE49848874B0A1132B72 = {isa = PBXGroup; children = (
					15469989A74D01B69B3C5AB6,
					56C6D6A795E11F929FB1DEAB,
					D2383805B9DCBB8CB6CC1500,
					C82D2B144DA013D88E845164,
					4E30446A1BC9C74DDDCFF78B,
					AD73966A1EA5C6A5DB851644,
					7DF12F7EE76E445EC0E64A2F,
					7AB836D1247A90E001CC3A1C,
					F5EF5E7CCC81617DEDF08CFA,
					5C994F72D40254028FA64E7F,
					F3AAAD7AC38D0078D5CA81C5,
					E269C3F546419C1718C7C8A9,
					B3FA01D6322D53D65473DAEB, ); name = Assets; sourceTree = "<group>"; };
		05E88A7E50A2A0E610891F8E = {isa = PBXGroup; children = (
					282F66C2E5008FEBF8C47DD1,
					065D561C5F6E9FD3A5658B99,
					EA0F34E64C82561C0B500727, ); name = SVGs; sourceTree = "<group>"; };
		2F8BAC0F3A2F00C9F8DA866E = {isa = PBXGroup; children = (
					526EBE49848874B0A1132B72,
					05E88A7E50A2A0E610891F8E, ); name = Resources; sourceTree = "<group>"; };
		C5BC7E993D6FF10010A52F1D = {isa = PBXGroup; children = (
					98908CDB6C0984927949EE0F,
					2F8BAC0F3A2F00C9F8DA866E,
					B8515C81901C93F3E8AAEFCF,
					A74FF8BD452798547246DDCF,
					8F1B8F9CA87983C97FD9F394,
					3B4FA07E75B4DCB2C2D9C892,
					AA7CFBE110800653E5CC034A,
					8CD32A1634F0AA5295B67406,
					F0C07B6D9C59C1CA1BFDF060,
					7F00B051CEBDC3B0A723682B,
					4E662C76668380989A8BCB3F,
					25DEC0FB31C7B75270D7B00F,
					2E6779B1645C05AA71805921,
					B8AF08027F93B6BA743C4AA3,
					E307EBE9D8834EE214B715B0,
					C09255BC496B7E1C834C6463,
					49B36D806B8AAFD3477E4885, ); name = Source; sourceTree = "<group>"; };
		486EEDE2E50872FF54C2B282 = {isa = PBXGroup; children = (
					C5BC7E993D6FF10010A52F1D, ); name = MonoDelay; sourceTree = "<group>"; };
		48871FBBDE9B980B39686EAB = {isa = PBXGroup; children = (
					4AA13BDE6A0FC6464E3AFD73,
					33BB165AD3D217E4F94499CA,
					6FA8276BDF567C79B57FDC75,
					BBC85EBCBDCC6842844C56C7,
					1DBFF4D9BF94EFABFCCED72A,
					B5B42C76F927A76E79962AB2,
					9CA957E2E43B1DD5A9279051,
					C745BE043FA1BF5A1D210790,
					569439B6E12B955D769727E8,
					EBAF1A8DEEAE4AB61223549C,
					D366C9756BE3E946D35BC534,
					4953B24F498B045FACA0ADEF,
					8F5FAD1DC4B1F279D3334C2B,
					8AB56D93040A1A5F2FE848DC,
					00FA3B65CC02396EF8129689, ); name = "JUCE Modules"; sourceTree = "<group>"; };
		C88B1FB7B26DFC92F1A819FB = {isa = PBXGroup; children = (
					8AB96CA44D1CE8F6C3FC945F,
					A46A2B04D7F8808F17D1F850,
					81BFBDADC0345F7433054BC1,
					6F94BCD297C7E65C369BC57E,
					8CA148FE2FF8DCBDD75EC01C,
					E4A654A4E92C27A9D245B7C0,
					98C2436C1E89D96890CF428E,
					FC26AB64B748A63330668B98,
					880204829C142674E6AED4E8,
					F4A6324B581152489835059C,
					9C3D1F7BFF67845C5407A1FA,
					EC7CB2D4821D40C3004EFD93,
					15E6CA48D928244C402959DC,
					1545328237659A2490CD315A,
					16B38688C47FED4B66BE649C,
					4AEE689AB9F94254DE20CA3E,
					30F11468952F8FC2417E0C96,
					A287E3B87EB0413A3F7D84FA,
					48AAEA7F5684AF2097413907,
					98DA1C3FA667E33D7AC7835D,
					08FCE654A65D341CF8AE2480,
					7194E43B295A4AA535DB2AB4,
					25C4C3CCE86AE5D31AD5E286,
					8BC88E58D2A20437A61442C9,
					F48B06E5F6CD14F51E3D32A1,
					F8A87BA9D6EDFEA00907E1EE,
					9EA88D2B60E9A29A5E550E02,
					007C84B79FB8A5FB22D72A99, ); name = "JUCE Library Code"; sourceTree = "<group>"; };
		6F15A1A77001651D99D1442D = {isa = PBXGroup; children = (
					B11D80639A00E48978F94820,
					D8897B0DA95AE3FA86B47E0E,
					364300606B53B7D758B84D0B,
					4B210E708638F88111EC9998,
					12A2065A537B13EB0208C05C,
					638A397944543CB04E45FDD2, ); name = Resources; sourceTree = "<group>"; };
		4D20D257D314950378B127BE = {isa = PBXGroup; children = (
					F55DE88784A711F7A2CA3C24,
					FE878D44B0AAEF0BD52A184B,
					17CDAD157F9CDF5359E0C38B,
					2AE0DCCC589444687B053CA1,
					980625D5A0558A845F6BE39B,
					92830E25298643C162DDE185,
					DD5EFEEDB5D05E31326F9655,
					FE49E5432D5509D0F72D76AA,
					AC8030FCB8017C44CA6B5099,
					71F0224B5FD699397126BFC1,
					05E9167521A4D9EC00CD320E,
					1DE2D2536E5318238D799069,
					D171CBD37C02CE7D2A909935,
					4D564E65AA94A151732B3CD1,
					C14A710F73C3EA57049AA394,
					05ADAF37091CE561934152DF, ); name = Frameworks; sourceTree = "<group>"; };
		E85C5A6519635678B80325C8 = {isa = PBXGroup; children = (
					EBA9525290363F6735898D23,
					2B154CEAC238AA7A99A241FA,
					119A58B1E157217768B4DFD3,
					DDB16A404521AD5BEEDEF955,
					5491ABB0B222E10C5C3BE6FC,
					9ACED3349FFAA6A311391A2E, ); name = Products; sourceTree = "<group>"; };
		A0FD79772836AAB648ABE7B2 = {isa = PBXGroup; children = (
					6793D6C463FC4E4F75DD14A8,
					486EEDE2E50872FF54C2B282,
					48871FBBDE9B980B39686EAB,
					C88B1FB7B26DFC92F1A819FB,
					6F15A1A77001651D99D1442D,
					4D20D257D314950378B127BE,
					E85C5A6519635678B80325C8, ); name = Source; sourceTree = "<group>"; };
		3F463CE9A37D3B5EB53A9610 = {isa = XCBuildConfiguration; buildSettings = {
				MACOSX_DEPLOYMENT_TARGET = 10.11; }; name = Debug; };
		DE117BB0133BBA24853A8861 = {isa = XCBuildConfiguration; buildSettings = {
				MACOSX_DEPLOYMENT_TARGET = 10.11; }; name = Release; };
		9900FD51A4FE5E42129EC42A = {isa = XCBuildConfiguration; buildSettings = {
				CLANG_CXX_LANGUAGE_STANDARD = "c++11";
				CLANG_CXX_LIBRARY = "libc++";
				CLANG_LINK_OBJC_RUNTIME = NO;
				COMBINE_HIDPI_IMAGES = YES;
				CONFIGURATION_BUILD_DIR = "$(PROJECT_DIR)/build/$(CONFIGURATION)";
				COPY_PHASE_STRIP = NO;
				DEPLOYMENT_LOCATION = YES;
				DSTROOT = /;
				GCC_DYNAMIC_NO_PIC = NO;
				GCC_OPTIMIZATION_LEVEL = 0;
				GCC_PREPROCESSOR_DEFINITIONS = (
					"_DEBUG=1",
					"DEBUG=1",
					"JUCER_XCODE_MAC_F6D2F4CF=1",
					"JUCE_APP_VERSION=1.0.0",
					"JUCE_APP_VERSION_HEX=0x10000",
					"JucePlugin_Build_VST=1",
					"JucePlugin_Build_VST3=0",
					"JucePlugin_Build_AU=0",
					"JucePlugin_Build_AUv3=0",
					"JucePlugin_Build_RTAS=0",
					"JucePlugin_Build_AAX=0",
					"JucePlugin_Build_Standalone=0", );
				GCC_VERSION = com.apple.compilers.llvm.clang.1_0;
				GENERATE_PKGINFO_FILE = YES;
				HEADER_SEARCH_PATHS = ("~/SDKs/VST_SDK/VST3_SDK", "../../JuceLibraryCode", "../../../../JUCE5-2/JUCE/modules", "../../../../JUCE5-2/JUCE/modules/juce_audio_plugin_client", "$(inherited)");
				INFOPLIST_FILE = Info-VST.plist;
				INFOPLIST_PREPROCESS = NO;
				INSTALL_PATH = "$(HOME)/Library/Audio/Plug-Ins/VST/";
				LIBRARY_STYLE = Bundle;
				MACOSX_DEPLOYMENT_TARGET = 10.11;
				MACOSX_DEPLOYMENT_TARGET_ppc = 10.4;
				OTHER_LDFLAGS = "-bundle -lMonoDelay";
				PRODUCT_BUNDLE_IDENTIFIER = com.tilt.delay.mono.repeater;
				SDKROOT_ppc = macosx10.5;
				USE_HEADERMAP = NO;
				WRAPPER_EXTENSION = vst; }; name = Debug; };
		E01CE30CC798C00B7DF29D55 = {isa = XCBuildConfiguration; buildSettings = {
				CLANG_CXX_LANGUAGE_STANDARD = "c++11";
				CLANG_CXX_LIBRARY = "libc++";
				CLANG_LINK_OBJC_RUNTIME = NO;
				COMBINE_HIDPI_IMAGES = YES;
				CONFIGURATION_BUILD_DIR = "$(PROJECT_DIR)/build/$(CONFIGURATION)";
				DEAD_CODE_STRIPPING = YES;
				DEPLOYMENT_LOCATION = YES;
				DSTROOT = /;
				GCC_GENERATE_DEBUGGING_SYMBOLS = NO;
				GCC_OPTIMIZATION_LEVEL = 3;
				GCC_PREPROCESSOR_DEFINITIONS = (
					"_NDEBUG=1",
					"NDEBUG=1",
					"JUCER_XCODE_MAC_F6D2F4CF=1",
					"JUCE_APP_VERSION=1.0.0",
					"JUCE_APP_VERSION_HEX=0x10000",
					"JucePlugin_Build_VST=1",
					"JucePlugin_Build_VST3=0",
					"JucePlugin_Build_AU=0",
					"JucePlugin_Build_AUv3=0",
					"JucePlugin_Build_RTAS=0",
					"JucePlugin_Build_AAX=0",
					"JucePlugin_Build_Standalone=0", );
				GCC_SYMBOLS_PRIVATE_EXTERN = YES;
				GCC_VERSION = com.apple.compilers.llvm.clang.1_0;
				GENERATE_PKGINFO_FILE = YES;
				HEADER_SEARCH_PATHS = ("~/SDKs/VST_SDK/VST3_SDK", "../../JuceLibraryCode", "../../../../JUCE5-2/JUCE/modules", "../../../../JUCE5-2/JUCE/modules/juce_audio_plugin_client", "$(inherited)");
				INFOPLIST_FILE = Info-VST.plist;
				INFOPLIST_PREPROCESS = NO;
				INSTALL_PATH = "$(HOME)/Library/Audio/Plug-Ins/VST/";
				LIBRARY_STYLE = Bundle;
				LLVM_LTO = YES;
				MACOSX_DEPLOYMENT_TARGET = 10.11;
				MACOSX_DEPLOYMENT_TARGET_ppc = 10.4;
				OTHER_LDFLAGS = "-bundle -lMonoDelay";
				PRODUCT_BUNDLE_IDENTIFIER = com.tilt.delay.mono.repeater;
				SDKROOT_ppc = macosx10.5;
				USE_HEADERMAP = NO;
				WRAPPER_EXTENSION = vst; }; name = Release; };
		0B74180CE18243305A35C6A7 = {isa = XCBuildConfiguration; buildSettings = {
				CLANG_CXX_LANGUAGE_STANDARD = "c++11";
				CLANG_CXX_LIBRARY = "libc++";
				CLANG_LINK_OBJC_RUNTIME = NO;
				COMBINE_HIDPI_IMAGES = YES;
				CONFIGURATION_BUILD_DIR = "$(PROJECT_DIR)/build/$(CONFIGURATION)";
				COPY_PHASE_STRIP = NO;
				DEPLOYMENT_LOCATION = YES;
				DSTROOT = /;
				GCC_DYNAMIC_NO_PIC = NO;
				GCC_OPTIMIZATION_LEVEL = 0;
				GCC_PREPROCESSOR_DEFINITIONS = (
					"_DEBUG=1",
					"DEBUG=1",
					"JUCER_XCODE_MAC_F6D2F4CF=1",
					"JUCE_APP_VERSION=1.0.0",
					"JUCE_APP_VERSION_HEX=0x10000",
					"JucePlugin_Build_VST=0",
					"JucePlugin_Build_VST3=1",
					"JucePlugin_Build_AU=0",
					"JucePlugin_Build_AUv3=0",
					"JucePlugin_Build_RTAS=0",
					"JucePlugin_Build_AAX=0",
					"JucePlugin_Build_Standalone=0", );
				GCC_VERSION = com.apple.compilers.llvm.clang.1_0;
				GENERATE_PKGINFO_FILE = YES;
				HEADER_SEARCH_PATHS = ("~/SDKs/VST_SDK/VST3_SDK", "../../JuceLibraryCode", "../../../../JUCE5-2/JUCE/modules", "../../../../JUCE5-2/JUCE/modules/juce_audio_plugin_client", "$(inherited)");
				INFOPLIST_FILE = Info-VST3.plist;
				INFOPLIST_PREPROCESS = NO;
				INSTALL_PATH = "$(HOME)/Library/Audio/Plug-Ins/VST3/";
				LIBRARY_STYLE = Bundle;
				MACOSX_DEPLOYMENT_TARGET = 10.11;
				MACOSX_DEPLOYMENT_TARGET_ppc = 10.4;
				OTHER_LDFLAGS = "-bundle -lMonoDelay";
				PRODUCT_BUNDLE_IDENTIFIER = com.tilt.delay.mono.repeater;
				SDKROOT_ppc = macosx10.5;
				USE_HEADERMAP = NO;
				WRAPPER_EXTENSION = vst3; }; name = Debug; };
		90C9ABE4166A5E4E2F4E20D3 = {isa = XCBuildConfiguration; buildSettings = {
				CLANG_CXX_LANGUAGE_STANDARD = "c++11";
				CLANG_CXX_LIBRARY = "libc++";
				CLANG_LINK_OBJC_RUNTIME = NO;
				COMBINE_HIDPI_IMAGES = YES;
				CONFIGURATION_BUILD_DIR = "$(PROJECT_DIR)/build/$(CONFIGURATION)";
				DEAD_CODE_STRIPPING = YES;
				DEPLOYMENT_LOCATION = YES;
				DSTROOT = /;
				GCC_GENERATE_DEBUGGING_SYMBOLS = NO;
				GCC_OPTIMIZATION_LEVEL = 3;
				GCC_PREPROCESSOR_DEFINITIONS = (
					"_NDEBUG=1",
					"NDEBUG=1",
					"JUCER_XCODE_MAC_F6D2F4CF=1",
					"JUCE_APP_VERSION=1.0.0",
					"JUCE_APP_VERSION_HEX=0x10000",
					"JucePlugin_Build_VST=0",
					"JucePlugin_Build_VST3=1",
					"JucePlugin_Build_AU=0",
					"JucePlugin_Build_AUv3=0",
					"JucePlugin_Build_RTAS=0",
					"JucePlugin_Build_AAX=0",
					"JucePlugin_Build_Standalone=0", );
				GCC_SYMBOLS_PRIVATE_EXTERN = YES;
				GCC_VERSION = com.apple.compilers.llvm.clang.1_0;
				GENERATE_PKGINFO_FILE = YES;
				HEADER_SEARCH_PATHS = ("~/SDKs/VST_SDK/VST3_SDK", "../../JuceLibraryCode", "../../../../JUCE5-2/JUCE/modules", "../../../../JUCE5-2/JUCE/modules/juce_audio_plugin_client", "$(inherited)");
				INFOPLIST_FILE = Info-VST3.plist;
				INFOPLIST_PREPROCESS = NO;
				INSTALL_PATH = "$(HOME)/Library/Audio/Plug-Ins/VST3/";
				LIBRARY_STYLE = Bundle;
				LLVM_LTO = YES;
				MACOSX_DEPLOYMENT_TARGET = 10.11;
				MACOSX_DEPLOYMENT_TARGET_ppc = 10.4;
				OTHER_LDFLAGS = "-bundle -lMonoDelay";
				PRODUCT_BUNDLE_IDENTIFIER = com.tilt.delay.mono.repeater;
				SDKROOT_ppc = macosx10.5;
				USE_HEADERMAP = NO;
				WRAPPER_EXTENSION = vst3; }; name = Release; };
		1077972DFB4506FA17F94C9D = {isa = XCBuildConfiguration; buildSettings = {
				CLANG_CXX_LANGUAGE_STANDARD = "c++11";
				CLANG_CXX_LIBRARY = "libc++";
				CLANG_LINK_OBJC_RUNTIME = NO;
				COMBINE_HIDPI_IMAGES = YES;
				CONFIGURATION_BUILD_DIR = "$(PROJECT_DIR)/build/$(CONFIGURATION)";
				COPY_PHASE_STRIP = NO;
				DEPLOYMENT_LOCATION = YES;
				DSTROOT = /;
				GCC_DYNAMIC_NO_PIC = NO;
				GCC_OPTIMIZATION_LEVEL = 0;
				GCC_PREPROCESSOR_DEFINITIONS = (
					"_DEBUG=1",
					"DEBUG=1",
					"JUCER_XCODE_MAC_F6D2F4CF=1",
					"JUCE_APP_VERSION=1.0.0",
					"JUCE_APP_VERSION_HEX=0x10000",
					"JucePlugin_Build_VST=0",
					"JucePlugin_Build_VST3=0",
					"JucePlugin_Build_AU=1",
					"JucePlugin_Build_AUv3=0",
					"JucePlugin_Build_RTAS=0",
					"JucePlugin_Build_AAX=0",
					"JucePlugin_Build_Standalone=0", );
				GCC_VERSION = com.apple.compilers.llvm.clang.1_0;
				GENERATE_PKGINFO_FILE = YES;
				HEADER_SEARCH_PATHS = ("~/SDKs/VST_SDK/VST3_SDK", "../../JuceLibraryCode", "../../../../JUCE5-2/JUCE/modules", "../../../../JUCE5-2/JUCE/modules/juce_audio_plugin_client", "$(inherited)");
				INFOPLIST_FILE = Info-AU.plist;
				INFOPLIST_PREPROCESS = NO;
				INSTALL_PATH = "$(HOME)/Library/Audio/Plug-Ins/Components/";
				LIBRARY_STYLE = Bundle;
				MACOSX_DEPLOYMENT_TARGET = 10.11;
				MACOSX_DEPLOYMENT_TARGET_ppc = 10.4;
				OTHER_LDFLAGS = "-bundle -lMonoDelay";
				OTHER_REZFLAGS = "-d ppc_$ppc -d i386_$i386 -d ppc64_$ppc64 -d x86_64_$x86_64 -I /System/Library/Frameworks/CoreServices.framework/Frameworks/CarbonCore.framework/Versions/A/Headers -I \"$(DEVELOPER_DIR)/Extras/CoreAudio/AudioUnits/AUPublic/AUBase\"";
				PRODUCT_BUNDLE_IDENTIFIER = com.tilt.delay.mono.repeater;
				SDKROOT_ppc = macosx10.5;
				USE_HEADERMAP = NO;
				WRAPPER_EXTENSION = component; }; name = Debug; };
		D6E9989B36B5007728A5D7F2 = {isa = XCBuildConfiguration; buildSettings = {
				CLANG_CXX_LANGUAGE_STANDARD = "c++11";
				CLANG_CXX_LIBRARY = "libc++";
				CLANG_LINK_OBJC_RUNTIME = NO;
				COMBINE_HIDPI_IMAGES = YES;
				CONFIGURATION_BUILD_DIR = "$(PROJECT_DIR)/build/$(CONFIGURATION)";
				DEAD_CODE_STRIPPING = YES;
				DEPLOYMENT_LOCATION = YES;
				DSTROOT = /;
				GCC_GENERATE_DEBUGGING_SYMBOLS = NO;
				GCC_OPTIMIZATION_LEVEL = 3;
				GCC_PREPROCESSOR_DEFINITIONS = (
					"_NDEBUG=1",
					"NDEBUG=1",
					"JUCER_XCODE_MAC_F6D2F4CF=1",
					"JUCE_APP_VERSION=1.0.0",
					"JUCE_APP_VERSION_HEX=0x10000",
					"JucePlugin_Build_VST=0",
					"JucePlugin_Build_VST3=0",
					"JucePlugin_Build_AU=1",
					"JucePlugin_Build_AUv3=0",
					"JucePlugin_Build_RTAS=0",
					"JucePlugin_Build_AAX=0",
					"JucePlugin_Build_Standalone=0", );
				GCC_SYMBOLS_PRIVATE_EXTERN = YES;
				GCC_VERSION = com.apple.compilers.llvm.clang.1_0;
				GENERATE_PKGINFO_FILE = YES;
				HEADER_SEARCH_PATHS = ("~/SDKs/VST_SDK/VST3_SDK", "../../JuceLibraryCode", "../../../../JUCE5-2/JUCE/modules", "../../../../JUCE5-2/JUCE/modules/juce_audio_plugin_client", "$(inherited)");
				INFOPLIST_FILE = Info-AU.plist;
				INFOPLIST_PREPROCESS = NO;
				INSTALL_PATH = "$(HOME)/Library/Audio/Plug-Ins/Components/";
				LIBRARY_STYLE = Bundle;
				LLVM_LTO = YES;
				MACOSX_DEPLOYMENT_TARGET = 10.11;
				MACOSX_DEPLOYMENT_TARGET_ppc = 10.4;
				OTHER_LDFLAGS = "-bundle -lMonoDelay";
				OTHER_REZFLAGS = "-d ppc_$ppc -d i386_$i386 -d ppc64_$ppc64 -d x86_64_$x86_64 -I /System/Library/Frameworks/CoreServices.framework/Frameworks/CarbonCore.framework/Versions/A/Headers -I \"$(DEVELOPER_DIR)/Extras/CoreAudio/AudioUnits/AUPublic/AUBase\"";
				PRODUCT_BUNDLE_IDENTIFIER = com.tilt.delay.mono.repeater;
				SDKROOT_ppc = macosx10.5;
				USE_HEADERMAP = NO;
				WRAPPER_EXTENSION = component; }; name = Release; };
		EB87E604AA974CD4650BD3F7 = {isa = XCBuildConfiguration; buildSettings = {
				ARCHS = "$(ARCHS_STANDARD_64_BIT)";
				CLANG_CXX_LANGUAGE_STANDARD = "c++11";
				CLANG_CXX_LIBRARY = "libc++";
				CLANG_LINK_OBJC_RUNTIME = NO;
				CODE_SIGN_ENTITLEMENTS = "MonoDelay.entitlements";
				COMBINE_HIDPI_IMAGES = YES;
				CONFIGURATION_BUILD_DIR = "$(PROJECT_DIR)/build/$(CONFIGURATION)";
				COPY_PHASE_STRIP = NO;
				GCC_DYNAMIC_NO_PIC = NO;
				GCC_OPTIMIZATION_LEVEL = 0;
				GCC_PREPROCESSOR_DEFINITIONS = (
					"_DEBUG=1",
					"DEBUG=1",
					"JUCER_XCODE_MAC_F6D2F4CF=1",
					"JUCE_APP_VERSION=1.0.0",
					"JUCE_APP_VERSION_HEX=0x10000",
					"JucePlugin_Build_VST=0",
					"JucePlugin_Build_VST3=0",
					"JucePlugin_Build_AU=0",
					"JucePlugin_Build_AUv3=1",
					"JucePlugin_Build_RTAS=0",
					"JucePlugin_Build_AAX=0",
					"JucePlugin_Build_Standalone=0", );
				GCC_VERSION = com.apple.compilers.llvm.clang.1_0;
				HEADER_SEARCH_PATHS = ("~/SDKs/VST_SDK/VST3_SDK", "../../JuceLibraryCode", "../../../../JUCE5-2/JUCE/modules", "../../../../JUCE5-2/JUCE/modules/juce_audio_plugin_client", "$(inherited)");
				INFOPLIST_FILE = Info-AUv3_AppExtension.plist;
				INFOPLIST_PREPROCESS = NO;
				MACOSX_DEPLOYMENT_TARGET = 10.11;
				MACOSX_DEPLOYMENT_TARGET_ppc = 10.4;
				OTHER_LDFLAGS = "-lMonoDelay";
				PRODUCT_BUNDLE_IDENTIFIER = com.tilt.delay.mono.repeater.repeaterAUv3;
				SDKROOT_ppc = macosx10.5;
				USE_HEADERMAP = NO; }; name = Debug; };
		D281216D7B6E31EB45CDD6BB = {isa = XCBuildConfiguration; buildSettings = {
				ARCHS = "$(ARCHS_STANDARD_64_BIT)";
				CLANG_CXX_LANGUAGE_STANDARD = "c++11";
				CLANG_CXX_LIBRARY = "libc++";
				CLANG_LINK_OBJC_RUNTIME = NO;
				CODE_SIGN_ENTITLEMENTS = "MonoDelay.entitlements";
				COMBINE_HIDPI_IMAGES = YES;
				CONFIGURATION_BUILD_DIR = "$(PROJECT_DIR)/build/$(CONFIGURATION)";
				DEAD_CODE_STRIPPING = YES;
				GCC_GENERATE_DEBUGGING_SYMBOLS = NO;
				GCC_OPTIMIZATION_LEVEL = 3;
				GCC_PREPROCESSOR_DEFINITIONS = (
					"_NDEBUG=1",
					"NDEBUG=1",
					"JUCER_XCODE_MAC_F6D2F4CF=1",
					"JUCE_APP_VERSION=1.0.0",
					"JUCE_APP_VERSION_HEX=0x10000",
					"JucePlugin_Build_VST=0",
					"JucePlugin_Build_VST3=0",
					"JucePlugin_Build_AU=0",
					"JucePlugin_Build_AUv3=1",
					"JucePlugin_Build_RTAS=0",
					"JucePlugin_Build_AAX=0",
					"JucePlugin_Build_Standalone=0", );
				GCC_SYMBOLS_PRIVATE_EXTERN = YES;
				GCC_VERSION = com.apple.compilers.llvm.clang.1_0;
				HEADER_SEARCH_PATHS = ("~/SDKs/VST_SDK/VST3_SDK", "../../JuceLibraryCode", "../../../../JUCE5-2/JUCE/modules", "../../../../JUCE5-2/JUCE/modules/juce_audio_plugin_client", "$(inherited)");
				INFOPLIST_FILE = Info-AUv3_AppExtension.plist;
				INFOPLIST_PREPROCESS = NO;
				LLVM_LTO = YES;
				MACOSX_DEPLOYMENT_TARGET = 10.11;
				MACOSX_DEPLOYMENT_TARGET_ppc = 10.4;
				OTHER_LDFLAGS = "-lMonoDelay";
				PRODUCT_BUNDLE_IDENTIFIER = com.tilt.delay.mono.repeater.repeaterAUv3;
				SDKROOT_ppc = macosx10.5;
				USE_HEADERMAP = NO; }; name = Release; };
		0096BE8A02FFF6B5845B966D = {isa = XCBuildConfiguration; buildSettings = {
				CLANG_CXX_LANGUAGE_STANDARD = "c++11";
				CLANG_CXX_LIBRARY = "libc++";
				CLANG_LINK_OBJC_RUNTIME = NO;
				COMBINE_HIDPI_IMAGES = YES;
				CONFIGURATION_BUILD_DIR = "$(PROJECT_DIR)/build/$(CONFIGURATION)";
				COPY_PHASE_STRIP = NO;
				GCC_DYNAMIC_NO_PIC = NO;
				GCC_OPTIMIZATION_LEVEL = 0;
				GCC_PREPROCESSOR_DEFINITIONS = (
					"_DEBUG=1",
					"DEBUG=1",
					"JUCER_XCODE_MAC_F6D2F4CF=1",
					"JUCE_APP_VERSION=1.0.0",
					"JUCE_APP_VERSION_HEX=0x10000",
					"JucePlugin_Build_VST=0",
					"JucePlugin_Build_VST3=0",
					"JucePlugin_Build_AU=0",
					"JucePlugin_Build_AUv3=0",
					"JucePlugin_Build_RTAS=0",
					"JucePlugin_Build_AAX=0",
					"JucePlugin_Build_Standalone=1", );
				GCC_VERSION = com.apple.compilers.llvm.clang.1_0;
				HEADER_SEARCH_PATHS = ("~/SDKs/VST_SDK/VST3_SDK", "../../JuceLibraryCode", "../../../../JUCE5-2/JUCE/modules", "../../../../JUCE5-2/JUCE/modules/juce_audio_plugin_client", "$(inherited)");
				INFOPLIST_FILE = Info-Standalone_Plugin.plist;
				INFOPLIST_PREPROCESS = NO;
				MACOSX_DEPLOYMENT_TARGET = 10.11;
				MACOSX_DEPLOYMENT_TARGET_ppc = 10.4;
				OTHER_LDFLAGS = "-lMonoDelay";
				PRODUCT_BUNDLE_IDENTIFIER = com.tilt.delay.mono.repeater;
				SDKROOT_ppc = macosx10.5;
				USE_HEADERMAP = NO; }; name = Debug; };
		CFBD9E766DB096D58D253C01 = {isa = XCBuildConfiguration; buildSettings = {
				CLANG_CXX_LANGUAGE_STANDARD = "c++11";
				CLANG_CXX_LIBRARY = "libc++";
				CLANG_LINK_OBJC_RUNTIME = NO;
				COMBINE_HIDPI_IMAGES = YES;
				CONFIGURATION_BUILD_DIR = "$(PROJECT_DIR)/build/$(CONFIGURATION)";
				DEAD_CODE_STRIPPING = YES;
				GCC_GENERATE_DEBUGGING_SYMBOLS = NO;
				GCC_OPTIMIZATION_LEVEL = 3;
				GCC_PREPROCESSOR_DEFINITIONS = (
					"_NDEBUG=1",
					"NDEBUG=1",
					"JUCER_XCODE_MAC_F6D2F4CF=1",
					"JUCE_APP_VERSION=1.0.0",
					"JUCE_APP_VERSION_HEX=0x10000",
					"JucePlugin_Build_VST=0",
					"JucePlugin_Build_VST3=0",
					"JucePlugin_Build_AU=0",
					"JucePlugin_Build_AUv3=0",
					"JucePlugin_Build_RTAS=0",
					"JucePlugin_Build_AAX=0",
					"JucePlugin_Build_Standalone=1", );
				GCC_SYMBOLS_PRIVATE_EXTERN = YES;
				GCC_VERSION = com.apple.compilers.llvm.clang.1_0;
				HEADER_SEARCH_PATHS = ("~/SDKs/VST_SDK/VST3_SDK", "../../JuceLibraryCode", "../../../../JUCE5-2/JUCE/modules", "../../../../JUCE5-2/JUCE/modules/juce_audio_plugin_client", "$(inherited)");
				INFOPLIST_FILE = Info-Standalone_Plugin.plist;
				INFOPLIST_PREPROCESS = NO;
				LLVM_LTO = YES;
				MACOSX_DEPLOYMENT_TARGET = 10.11;
				MACOSX_DEPLOYMENT_TARGET_ppc = 10.4;
				OTHER_LDFLAGS = "-lMonoDelay";
				PRODUCT_BUNDLE_IDENTIFIER = com.tilt.delay.mono.repeater;
				SDKROOT_ppc = macosx10.5;
				USE_HEADERMAP = NO; }; name = Release; };
		0BE87401A9B076839FDACDD9 = {isa = XCBuildConfiguration; buildSettings = {
				CLANG_CXX_LANGUAGE_STANDARD = "c++11";
				CLANG_CXX_LIBRARY = "libc++";
				CLANG_LINK_OBJC_RUNTIME = NO;
				COMBINE_HIDPI_IMAGES = YES;
				CONFIGURATION_BUILD_DIR = "$(PROJECT_DIR)/build/$(CONFIGURATION)";
				COPY_PHASE_STRIP = NO;
				GCC_DYNAMIC_NO_PIC = NO;
				GCC_OPTIMIZATION_LEVEL = 0;
				GCC_PREPROCESSOR_DEFINITIONS = (
					"_DEBUG=1",
					"DEBUG=1",
					"JUCER_XCODE_MAC_F6D2F4CF=1",
					"JUCE_APP_VERSION=1.0.0",
					"JUCE_APP_VERSION_HEX=0x10000",
					"JucePlugin_Build_VST=1",
					"JucePlugin_Build_VST3=1",
					"JucePlugin_Build_AU=1",
					"JucePlugin_Build_AUv3=1",
					"JucePlugin_Build_RTAS=0",
					"JucePlugin_Build_AAX=0",
					"JucePlugin_Build_Standalone=1",
					"JUCE_SHARED_CODE=1", );
				GCC_VERSION = com.apple.compilers.llvm.clang.1_0;
				HEADER_SEARCH_PATHS = ("~/SDKs/VST_SDK/VST3_SDK", "../../JuceLibraryCode", "../../../../JUCE5-2/JUCE/modules", "../../../../JUCE5-2/JUCE/modules/juce_audio_plugin_client", "$(inherited)");
				INSTALL_PATH = "@executable_path/../Frameworks";
				MACOSX_DEPLOYMENT_TARGET = 10.11;
				MACOSX_DEPLOYMENT_TARGET_ppc = 10.4;
				PRODUCT_BUNDLE_IDENTIFIER = com.tilt.delay.mono.repeater;
				SDKROOT_ppc = macosx10.5;
				USE_HEADERMAP = NO; }; name = Debug; };
		745FFC56A950A0195AC54157 = {isa = XCBuildConfiguration; buildSettings = {
				CLANG_CXX_LANGUAGE_STANDARD = "c++11";
				CLANG_CXX_LIBRARY = "libc++";
				CLANG_LINK_OBJC_RUNTIME = NO;
				COMBINE_HIDPI_IMAGES = YES;
				CONFIGURATION_BUILD_DIR = "$(PROJECT_DIR)/build/$(CONFIGURATION)";
				DEAD_CODE_STRIPPING = YES;
				GCC_GENERATE_DEBUGGING_SYMBOLS = NO;
				GCC_OPTIMIZATION_LEVEL = 3;
				GCC_PREPROCESSOR_DEFINITIONS = (
					"_NDEBUG=1",
					"NDEBUG=1",
					"JUCER_XCODE_MAC_F6D2F4CF=1",
					"JUCE_APP_VERSION=1.0.0",
					"JUCE_APP_VERSION_HEX=0x10000",
					"JucePlugin_Build_VST=1",
					"JucePlugin_Build_VST3=1",
					"JucePlugin_Build_AU=1",
					"JucePlugin_Build_AUv3=1",
					"JucePlugin_Build_RTAS=0",
					"JucePlugin_Build_AAX=0",
					"JucePlugin_Build_Standalone=1",
					"JUCE_SHARED_CODE=1", );
				GCC_SYMBOLS_PRIVATE_EXTERN = YES;
				GCC_VERSION = com.apple.compilers.llvm.clang.1_0;
				HEADER_SEARCH_PATHS = ("~/SDKs/VST_SDK/VST3_SDK", "../../JuceLibraryCode", "../../../../JUCE5-2/JUCE/modules", "../../../../JUCE5-2/JUCE/modules/juce_audio_plugin_client", "$(inherited)");
				INSTALL_PATH = "@executable_path/../Frameworks";
				LLVM_LTO = YES;
				MACOSX_DEPLOYMENT_TARGET = 10.11;
				MACOSX_DEPLOYMENT_TARGET_ppc = 10.4;
				PRODUCT_BUNDLE_IDENTIFIER = com.tilt.delay.mono.repeater;
				SDKROOT_ppc = macosx10.5;
				USE_HEADERMAP = NO; }; name = Release; };
		902EAAC698E78E32A15BC2F3 = {isa = XCBuildConfiguration; buildSettings = {
				ALWAYS_SEARCH_USER_PATHS = NO;
				CLANG_WARN_BLOCK_CAPTURE_AUTORELEASING = YES;
				CLANG_WARN_BOOL_CONVERSION = YES;
				CLANG_WARN_COMMA = YES;
				CLANG_WARN_CONSTANT_CONVERSION = YES;
				CLANG_WARN_EMPTY_BODY = YES;
				CLANG_WARN_ENUM_CONVERSION = YES;
				CLANG_WARN_INFINITE_RECURSION = YES;
				CLANG_WARN_INT_CONVERSION = YES;
				CLANG_WARN_NON_LITERAL_NULL_CONVERSION = YES;
				CLANG_WARN_OBJC_LITERAL_CONVERSION = YES;
				CLANG_WARN_RANGE_LOOP_ANALYSIS = YES;
				CLANG_WARN_STRICT_PROTOTYPES = YES;
				CLANG_WARN_SUSPICIOUS_MOVE = YES;
				CLANG_WARN_UNREACHABLE_CODE = YES;
				CLANG_WARN__DUPLICATE_METHOD_MATCH = YES;
				DEBUG_INFORMATION_FORMAT = "dwarf";
				ENABLE_STRICT_OBJC_MSGSEND = YES;
				ENABLE_TESTABILITY = YES;
				GCC_C_LANGUAGE_STANDARD = c11;
				GCC_INLINES_ARE_PRIVATE_EXTERN = YES;
				GCC_MODEL_TUNING = G5;
				GCC_NO_COMMON_BLOCKS = YES;
				GCC_WARN_64_TO_32_BIT_CONVERSION = YES;
				GCC_WARN_ABOUT_RETURN_TYPE = YES;
				GCC_WARN_CHECK_SWITCH_STATEMENTS = YES;
				GCC_WARN_MISSING_PARENTHESES = YES;
				GCC_WARN_NON_VIRTUAL_DESTRUCTOR = YES;
				GCC_WARN_TYPECHECK_CALLS_TO_PRINTF = YES;
				GCC_WARN_UNDECLARED_SELECTOR = YES;
				GCC_WARN_UNINITIALIZED_AUTOS = YES;
				GCC_WARN_UNUSED_FUNCTION = YES;
				GCC_WARN_UNUSED_VARIABLE = YES;
				ONLY_ACTIVE_ARCH = YES;
				PRODUCT_NAME = "MonoDelay";
				WARNING_CFLAGS = -Wreorder;
				ZERO_LINK = NO; }; name = Debug; };
		F4C56A381B3B0131BA9F2DB6 = {isa = XCBuildConfiguration; buildSettings = {
				ALWAYS_SEARCH_USER_PATHS = NO;
				CLANG_WARN_BLOCK_CAPTURE_AUTORELEASING = YES;
				CLANG_WARN_BOOL_CONVERSION = YES;
				CLANG_WARN_COMMA = YES;
				CLANG_WARN_CONSTANT_CONVERSION = YES;
				CLANG_WARN_EMPTY_BODY = YES;
				CLANG_WARN_ENUM_CONVERSION = YES;
				CLANG_WARN_INFINITE_RECURSION = YES;
				CLANG_WARN_INT_CONVERSION = YES;
				CLANG_WARN_NON_LITERAL_NULL_CONVERSION = YES;
				CLANG_WARN_OBJC_LITERAL_CONVERSION = YES;
				CLANG_WARN_RANGE_LOOP_ANALYSIS = YES;
				CLANG_WARN_STRICT_PROTOTYPES = YES;
				CLANG_WARN_SUSPICIOUS_MOVE = YES;
				CLANG_WARN_UNREACHABLE_CODE = YES;
				CLANG_WARN__DUPLICATE_METHOD_MATCH = YES;
				DEBUG_INFORMATION_FORMAT = "dwarf";
				ENABLE_STRICT_OBJC_MSGSEND = YES;
				GCC_C_LANGUAGE_STANDARD = c11;
				GCC_INLINES_ARE_PRIVATE_EXTERN = YES;
				GCC_MODEL_TUNING = G5;
				GCC_NO_COMMON_BLOCKS = YES;
				GCC_WARN_64_TO_32_BIT_CONVERSION = YES;
				GCC_WARN_ABOUT_RETURN_TYPE = YES;
				GCC_WARN_CHECK_SWITCH_STATEMENTS = YES;
				GCC_WARN_MISSING_PARENTHESES = YES;
				GCC_WARN_NON_VIRTUAL_DESTRUCTOR = YES;
				GCC_WARN_TYPECHECK_CALLS_TO_PRINTF = YES;
				GCC_WARN_UNDECLARED_SELECTOR = YES;
				GCC_WARN_UNINITIALIZED_AUTOS = YES;
				GCC_WARN_UNUSED_FUNCTION = YES;
				GCC_WARN_UNUSED_VARIABLE = YES;
				PRODUCT_NAME = "MonoDelay";
				WARNING_CFLAGS = -Wreorder;
				ZERO_LINK = NO; }; name = Release; };
		C4E044D9E3BB8B1538EAA364 = {isa = PBXTargetDependency; target = 0F429DD2FE07054AD19D909A; };
		0872783C6C92DAC6B66F0255 = {isa = PBXTargetDependency; target = 56D1D38564D904F9CFD36E11; };
		75CA9BEDD9DC73BE7E7B19D8 = {isa = PBXTargetDependency; target = CCA21C70227DB8BE11001860; };
		D1D152947798A41EC28D0096 = {isa = PBXTargetDependency; target = 754EC8BE2E9F3F8DE3C46636; };
		5305D5EE72C58F4EAB2B2FEC = {isa = PBXTargetDependency; target = DE6D599C943EF3738DC03AE7; };
		EA1E1CE100D6995721B38F59 = {isa = PBXTargetDependency; target = 152E2D8B701256C363342FB6; };
		4C075EC2BC7A651940C6E551 = {isa = XCConfigurationList; buildConfigurations = (
					902EAAC698E78E32A15BC2F3,
					F4C56A381B3B0131BA9F2DB6, ); defaultConfigurationIsVisible = 0; defaultConfigurationName = Debug; };
		643594F69E4D1C232998D572 = {isa = XCConfigurationList; buildConfigurations = (
					3F463CE9A37D3B5EB53A9610,
					DE117BB0133BBA24853A8861, ); defaultConfigurationIsVisible = 0; defaultConfigurationName = Debug; };
		A76C49B9190B75C60C77AB2F = {isa = PBXAggregateTarget; buildConfigurationList = 643594F69E4D1C232998D572; buildPhases = (  ); buildRules = ( ); dependencies = (
					C4E044D9E3BB8B1538EAA364,
					0872783C6C92DAC6B66F0255,
					75CA9BEDD9DC73BE7E7B19D8,
					D1D152947798A41EC28D0096,
					5305D5EE72C58F4EAB2B2FEC,
					EA1E1CE100D6995721B38F59, ); name = "MonoDelay - All"; productName = MonoDelay; };
		80FB7C24C0781B8C568AE1BF = {isa = XCConfigurationList; buildConfigurations = (
					9900FD51A4FE5E42129EC42A,
					E01CE30CC798C00B7DF29D55, ); defaultConfigurationIsVisible = 0; defaultConfigurationName = Debug; };
		C9704BB055ECE9733B103F86 = {isa = PBXResourcesBuildPhase; buildActionMask = 2147483647; files = (
					0E8770706699D1C116BCAD13, ); runOnlyForDeploymentPostprocessing = 0; };
		60EE54E85DC1A1C74945FC65 = {isa = PBXSourcesBuildPhase; buildActionMask = 2147483647; files = (
					6D76F9CD869D763A6A7DC0B3, ); runOnlyForDeploymentPostprocessing = 0; };
		5976812382C52FE18F0CAFC1 = {isa = PBXFrameworksBuildPhase; buildActionMask = 2147483647; files = (
					9C0CB1601E8AC1B0D58DD8BE,
					63665FFBE67057600CC35CA2,
					B3B4E58533F906E0CBBC0C90,
					68551D577FF9D865FD0258C9,
					7E25778EF63F88C7D517A2A0,
					23285BD0AAE586E1C7B905A5,
					7C3DE9890989C082C164D37E,
					287AC04092AD8568FABD3380,
					6F79EB9536F399938B615B27,
					46884188EA1809A5B319E3D7,
					E5EBE8C85773E0FEFF040FBE,
					B0F6EEB85EE5599BECE19A52,
					82D254F9E45A105AFD24A65F,
					63A7A49E59A2AE35863A9032, ); runOnlyForDeploymentPostprocessing = 0; };
		0F429DD2FE07054AD19D909A = {isa = PBXNativeTarget; buildConfigurationList = 80FB7C24C0781B8C568AE1BF; buildPhases = (
					C9704BB055ECE9733B103F86,
					60EE54E85DC1A1C74945FC65,
					5976812382C52FE18F0CAFC1, ); buildRules = ( ); dependencies = (
					EA1E1CE100D6995721B38F59, ); name = "MonoDelay - VST"; productName = MonoDelay; productReference = EBA9525290363F6735898D23; productType = "com.apple.product-type.bundle"; };
		2489F9AF39826361D2121D49 = {isa = XCConfigurationList; buildConfigurations = (
					0B74180CE18243305A35C6A7,
					90C9ABE4166A5E4E2F4E20D3, ); defaultConfigurationIsVisible = 0; defaultConfigurationName = Debug; };
		CF53FE90F59390BC1C2339C2 = {isa = PBXResourcesBuildPhase; buildActionMask = 2147483647; files = (
					0E8770706699D1C116BCAD13, ); runOnlyForDeploymentPostprocessing = 0; };
		9B2223D2F98E12B5B8619141 = {isa = PBXSourcesBuildPhase; buildActionMask = 2147483647; files = (
					E82E005437DFC4F23E506874, ); runOnlyForDeploymentPostprocessing = 0; };
		A3836EB7043F1D5A68F9908B = {isa = PBXFrameworksBuildPhase; buildActionMask = 2147483647; files = (
					9C0CB1601E8AC1B0D58DD8BE,
					63665FFBE67057600CC35CA2,
					B3B4E58533F906E0CBBC0C90,
					68551D577FF9D865FD0258C9,
					7E25778EF63F88C7D517A2A0,
					23285BD0AAE586E1C7B905A5,
					7C3DE9890989C082C164D37E,
					287AC04092AD8568FABD3380,
					6F79EB9536F399938B615B27,
					46884188EA1809A5B319E3D7,
					E5EBE8C85773E0FEFF040FBE,
					B0F6EEB85EE5599BECE19A52,
					82D254F9E45A105AFD24A65F,
					63A7A49E59A2AE35863A9032, ); runOnlyForDeploymentPostprocessing = 0; };
		56D1D38564D904F9CFD36E11 = {isa = PBXNativeTarget; buildConfigurationList = 2489F9AF39826361D2121D49; buildPhases = (
					CF53FE90F59390BC1C2339C2,
					9B2223D2F98E12B5B8619141,
					A3836EB7043F1D5A68F9908B, ); buildRules = ( ); dependencies = (
					EA1E1CE100D6995721B38F59, ); name = "MonoDelay - VST3"; productName = MonoDelay; productReference = 2B154CEAC238AA7A99A241FA; productType = "com.apple.product-type.bundle"; };
		8FDB26028EF6C5DFB9FDF40D = {isa = XCConfigurationList; buildConfigurations = (
					1077972DFB4506FA17F94C9D,
					D6E9989B36B5007728A5D7F2, ); defaultConfigurationIsVisible = 0; defaultConfigurationName = Debug; };
		3DAD5A58A61FF3ABDD4903C2 = {isa = PBXResourcesBuildPhase; buildActionMask = 2147483647; files = (
					0E8770706699D1C116BCAD13, ); runOnlyForDeploymentPostprocessing = 0; };
		54D0BD83567F04259803DAFB = {isa = PBXRezBuildPhase; buildActionMask = 2147483647; files = (
					4FF6220495EB5BC2F96C13E6, ); runOnlyForDeploymentPostprocessing = 0; };
		D3A724EF45B96965162DFFE8 = {isa = PBXSourcesBuildPhase; buildActionMask = 2147483647; files = (
					134EFDB301CD08F7CEF81817,
					9D2554988EAA5B2CD168F95F, ); runOnlyForDeploymentPostprocessing = 0; };
		A25676FEE51470FCE17EB5B2 = {isa = PBXFrameworksBuildPhase; buildActionMask = 2147483647; files = (
					9C0CB1601E8AC1B0D58DD8BE,
					63665FFBE67057600CC35CA2,
					EB2FC4D636DA9503C8394A9C,
					B3B4E58533F906E0CBBC0C90,
					68551D577FF9D865FD0258C9,
					7E25778EF63F88C7D517A2A0,
					23285BD0AAE586E1C7B905A5,
					7C3DE9890989C082C164D37E,
					5A0146F230E7A2B03EFF5789,
					287AC04092AD8568FABD3380,
					6F79EB9536F399938B615B27,
					46884188EA1809A5B319E3D7,
					E5EBE8C85773E0FEFF040FBE,
					B0F6EEB85EE5599BECE19A52,
					82D254F9E45A105AFD24A65F,
					63A7A49E59A2AE35863A9032, ); runOnlyForDeploymentPostprocessing = 0; };
		CCA21C70227DB8BE11001860 = {isa = PBXNativeTarget; buildConfigurationList = 8FDB26028EF6C5DFB9FDF40D; buildPhases = (
					3DAD5A58A61FF3ABDD4903C2,
					54D0BD83567F04259803DAFB,
					D3A724EF45B96965162DFFE8,
					A25676FEE51470FCE17EB5B2, ); buildRules = ( ); dependencies = (
					EA1E1CE100D6995721B38F59, ); name = "MonoDelay - AU"; productName = MonoDelay; productReference = 119A58B1E157217768B4DFD3; productType = "com.apple.product-type.bundle"; };
		1395DC3CD62409C4DA0E67E5 = {isa = XCConfigurationList; buildConfigurations = (
					EB87E604AA974CD4650BD3F7,
					D281216D7B6E31EB45CDD6BB, ); defaultConfigurationIsVisible = 0; defaultConfigurationName = Debug; };
		CC3DE964261ADA7EF7E51D83 = {isa = PBXResourcesBuildPhase; buildActionMask = 2147483647; files = (
					0E8770706699D1C116BCAD13, ); runOnlyForDeploymentPostprocessing = 0; };
		A580CDA09805C45599B0B573 = {isa = PBXSourcesBuildPhase; buildActionMask = 2147483647; files = (
					04DFDA1D4B42F3A38A906E03, ); runOnlyForDeploymentPostprocessing = 0; };
		AC9806C8035337B0F2FEDE96 = {isa = PBXFrameworksBuildPhase; buildActionMask = 2147483647; files = (
					9C0CB1601E8AC1B0D58DD8BE,
					63665FFBE67057600CC35CA2,
					EB2FC4D636DA9503C8394A9C,
					B3B4E58533F906E0CBBC0C90,
					68551D577FF9D865FD0258C9,
					7E25778EF63F88C7D517A2A0,
					23285BD0AAE586E1C7B905A5,
					7C3DE9890989C082C164D37E,
					5A0146F230E7A2B03EFF5789,
					287AC04092AD8568FABD3380,
					6F79EB9536F399938B615B27,
					46884188EA1809A5B319E3D7,
					E5EBE8C85773E0FEFF040FBE,
					B0F6EEB85EE5599BECE19A52,
					82D254F9E45A105AFD24A65F,
					63A7A49E59A2AE35863A9032, ); runOnlyForDeploymentPostprocessing = 0; };
		754EC8BE2E9F3F8DE3C46636 = {isa = PBXNativeTarget; buildConfigurationList = 1395DC3CD62409C4DA0E67E5; buildPhases = (
					CC3DE964261ADA7EF7E51D83,
					A580CDA09805C45599B0B573,
					AC9806C8035337B0F2FEDE96, ); buildRules = ( ); dependencies = (
					EA1E1CE100D6995721B38F59, ); name = "MonoDelay - AUv3 AppExtension"; productName = MonoDelay; productReference = DDB16A404521AD5BEEDEF955; productType = "com.apple.product-type.app-extension"; };
		774683D36E6B1891D85289A9 = {isa = XCConfigurationList; buildConfigurations = (
					0096BE8A02FFF6B5845B966D,
					CFBD9E766DB096D58D253C01, ); defaultConfigurationIsVisible = 0; defaultConfigurationName = Debug; };
		4BC7379D6DC5A1F716583334 = {isa = PBXResourcesBuildPhase; buildActionMask = 2147483647; files = (
					0E8770706699D1C116BCAD13, ); runOnlyForDeploymentPostprocessing = 0; };
		8DAB2E67829A50A8D2802684 = {isa = PBXSourcesBuildPhase; buildActionMask = 2147483647; files = (
					EB9520541C2571785C7AD303, ); runOnlyForDeploymentPostprocessing = 0; };
		4786401A056040E42C2CFF92 = {isa = PBXFrameworksBuildPhase; buildActionMask = 2147483647; files = (
					9C0CB1601E8AC1B0D58DD8BE,
					63665FFBE67057600CC35CA2,
					B3B4E58533F906E0CBBC0C90,
					68551D577FF9D865FD0258C9,
					7E25778EF63F88C7D517A2A0,
					23285BD0AAE586E1C7B905A5,
					7C3DE9890989C082C164D37E,
					287AC04092AD8568FABD3380,
					6F79EB9536F399938B615B27,
					46884188EA1809A5B319E3D7,
					E5EBE8C85773E0FEFF040FBE,
					B0F6EEB85EE5599BECE19A52,
					82D254F9E45A105AFD24A65F,
					63A7A49E59A2AE35863A9032, ); runOnlyForDeploymentPostprocessing = 0; };
		D1F582ECC8E9A8107EAE250C = {isa = PBXCopyFilesBuildPhase; buildActionMask = 2147483647; files = (
					B0380D65D404C90EA0DDE05C, ); runOnlyForDeploymentPostprocessing = 0; name = "Embed App Extensions"; dstPath = ""; dstSubfolderSpec = 13; };
		DE6D599C943EF3738DC03AE7 = {isa = PBXNativeTarget; buildConfigurationList = 774683D36E6B1891D85289A9; buildPhases = (
					4BC7379D6DC5A1F716583334,
					8DAB2E67829A50A8D2802684,
					4786401A056040E42C2CFF92,
					D1F582ECC8E9A8107EAE250C, ); buildRules = ( ); dependencies = (
					D1D152947798A41EC28D0096,
					EA1E1CE100D6995721B38F59, ); name = "MonoDelay - Standalone Plugin"; productName = MonoDelay; productReference = 5491ABB0B222E10C5C3BE6FC; productType = "com.apple.product-type.application"; };
		B35BB59EA718ADC5A82AC255 = {isa = XCConfigurationList; buildConfigurations = (
					0BE87401A9B076839FDACDD9,
					745FFC56A950A0195AC54157, ); defaultConfigurationIsVisible = 0; defaultConfigurationName = Debug; };
		25F3D1487CFC5584992F8194 = {isa = PBXSourcesBuildPhase; buildActionMask = 2147483647; files = (
					393B8A29CF08C731A149F9B2,
					2A390417FB5AE1D3EE6650CD,
					C14E1E413EE3948A022D0840,
					718CF2F894D4CDF845E0210C,
					B92F42516A19BD491B129369,
					E0BD8F6A386A4D5C82812AB7,
					4CF9B936744C873410766632,
					739F96609A3845E6614C191E,
					7BEDBFCCE715A603F1108366,
					FA20375CB0ED4D7F000CF3B1,
					848079FAFF7FCDB4F804C4F0,
					690F705B0C40907935FEDD0D,
					750390E409E249F8174CC5DB,
					A29DB9E3D8A6B21DA5016099,
					C0B02269F5BB11B233B33733,
					6A1CDDBDC75B0640DBE74FBA,
					5B831BAD4289D3888B246B24,
					AE18D05EB18ABBF581267953,
					E91797733892ABF66B2A2EFC,
					632DC73B8ECC393DD0D94B3B,
					A7392551A9BA1FCE04FFFED2,
					C21684B0E5A1646440CA6070,
					CBD895495CF1452CF0D63D32,
					017F051AA4A3E5CB52463BB7,
					C9C6B57C70E352D325E1AB9F,
					C969AAA4391075F7D7D5AEF3, ); runOnlyForDeploymentPostprocessing = 0; };
		152E2D8B701256C363342FB6 = {isa = PBXNativeTarget; buildConfigurationList = B35BB59EA718ADC5A82AC255; buildPhases = (
					25F3D1487CFC5584992F8194, ); buildRules = ( ); dependencies = (  ); name = "MonoDelay - Shared Code"; productName = MonoDelay; productReference = 9ACED3349FFAA6A311391A2E; productType = "com.apple.product-type.library.static"; };
		D7282F6726BCF8A5A01FEC81 = {isa = PBXProject; buildConfigurationList = 4C075EC2BC7A651940C6E551; attributes = { LastUpgradeCheck = 0930; ORGANIZATIONNAME = "Tilt Audio"; TargetAttributes = { A76C49B9190B75C60C77AB2F = { SystemCapabilities = {com.apple.ApplicationGroups.iOS = { enabled = 0; }; com.apple.InAppPurchase = { enabled = 0; }; com.apple.InterAppAudio = { enabled = 0; }; com.apple.Push = { enabled = 0; }; com.apple.Sandbox = { enabled = 0; }; }; };0F429DD2FE07054AD19D909A = { SystemCapabilities = {com.apple.ApplicationGroups.iOS = { enabled = 0; }; com.apple.InAppPurchase = { enabled = 0; }; com.apple.InterAppAudio = { enabled = 0; }; com.apple.Push = { enabled = 0; }; com.apple.Sandbox = { enabled = 0; }; }; };56D1D38564D904F9CFD36E11 = { SystemCapabilities = {com.apple.ApplicationGroups.iOS = { enabled = 0; }; com.apple.InAppPurchase = { enabled = 0; }; com.apple.InterAppAudio = { enabled = 0; }; com.apple.Push = { enabled = 0; }; com.apple.Sandbox = { enabled = 0; }; }; };CCA21C70227DB8BE11001860 = { SystemCapabilities = {com.apple.ApplicationGroups.iOS = { enabled = 0; }; com.apple.InAppPurchase = { enabled = 0; }; com.apple.InterAppAudio = { enabled = 0; }; com.apple.Push = { enabled = 0; }; com.apple.Sandbox = { enabled = 0; }; }; };754EC8BE2E9F3F8DE3C46636 = { SystemCapabilities = {com.apple.ApplicationGroups.iOS = { enabled = 0; }; com.apple.InAppPurchase = { enabled = 0; }; com.apple.InterAppAudio = { enabled = 0; }; com.apple.Push = { enabled = 0; }; com.apple.Sandbox = { enabled = 1; }; }; };DE6D599C943EF3738DC03AE7 = { SystemCapabilities = {com.apple.ApplicationGroups.iOS = { enabled = 0; }; com.apple.InAppPurchase = { enabled = 0; }; com.apple.InterAppAudio = { enabled = 0; }; com.apple.Push = { enabled = 0; }; com.apple.Sandbox = { enabled = 0; }; }; };152E2D8B701256C363342FB6 = { SystemCapabilities = {com.apple.ApplicationGroups.iOS = { enabled = 0; }; com.apple.InAppPurchase = { enabled = 0; }; com.apple.InterAppAudio = { enabled = 0; }; com.apple.Push = { enabled = 0; }; com.apple.Sandbox = { enabled = 0; }; }; }; }; }; compatibilityVersion = "Xcode 3.2"; hasScannedForEncodings = 0; mainGroup = A0FD79772836AAB648ABE7B2; projectDirPath = ""; projectRoot = ""; targets = (A76C49B9190B75C60C77AB2F, 0F429DD2FE07054AD19D909A, 56D1D38564D904F9CFD36E11, CCA21C70227DB8BE11001860, 754EC8BE2E9F3F8DE3C46636, DE6D599C943EF3738DC03AE7, 152E2D8B701256C363342FB6); };
	};
	rootObject = D7282F6726BCF8A5A01FEC81;
}
